
Microsoft Visual Studio Solution File, Format Version 12.00
# Visual Studio Version 17
VisualStudioVersion = 17.11.35327.3
MinimumVisualStudioVersion = 10.0.40219.1
Project("{FAE04EC0-301F-11D3-BF4B-00C04F79EFBC}") = "Auto_Check_Oder_Amazon", "Auto_Check_Oder_Amazon\Auto_Check_Oder_Amazon.csproj", "{EA1391E1-2B1F-4C5F-978B-11781915D666}"
EndProject
Global
	GlobalSection(SolutionConfigurationPlatforms) = preSolution
		Debug|Any CPU = Debug|Any CPU
		Release|Any CPU = Release|Any CPU
	EndGlobalSection
	GlobalSection(ProjectConfigurationPlatforms) = postSolution
		{EA1391E1-2B1F-4C5F-978B-11781915D666}.Debug|Any CPU.ActiveCfg = Debug|Any CPU
		{EA1391E1-2B1F-4C5F-978B-11781915D666}.Debug|Any CPU.Build.0 = Debug|Any CPU
		{EA1391E1-2B1F-4C5F-978B-11781915D666}.Release|Any CPU.ActiveCfg = Release|Any CPU
		{EA1391E1-2B1F-4C5F-978B-11781915D666}.Release|Any CPU.Build.0 = Release|Any CPU
	EndGlobalSection
	GlobalSection(SolutionProperties) = preSolution
		HideSolutionNode = FALSE
	EndGlobalSection
	GlobalSection(ExtensibilityGlobals) = postSolution
		SolutionGuid = {151CF54B-E2EB-403D-95CB-6E8401EEBF16}
	EndGlobalSection
EndGlobal
